
Microsoft Visual Studio Solution File, Format Version 12.00
# Visual Studio Version 17
VisualStudioVersion = 17.8.34408.163
MinimumVisualStudioVersion = 10.0.40219.1
Project("{FAE04EC0-301F-11D3-BF4B-00C04F79EFBC}") = "IT.Service.Management.UI", "src\IT.Service.Management.UI\IT.Service.Management.UI\IT.Service.Management.UI.csproj", "{335DA6EA-E063-4F7F-A3D7-B6DC3D27D2CD}"
EndProject
Project("{FAE04EC0-301F-11D3-BF4B-00C04F79EFBC}") = "IT.Service.Management.UI.Client", "src\IT.Service.Management.UI\IT.Service.Management.UI.Client\IT.Service.Management.UI.Client.csproj", "{6FEAAA9A-979B-4C9B-82D4-A1D9FDC51C23}"
EndProject
Project("{FAE04EC0-301F-11D3-BF4B-00C04F79EFBC}") = "IT.Service.Management.UI.Shared", "src\IT.Service.Management.UI\IT.Service.Management.UI.Shared\IT.Service.Management.UI.Shared.csproj", "{871E2B4E-F985-46D2-AFA6-36AB8089D374}"
EndProject
Project("{FAE04EC0-301F-11D3-BF4B-00C04F79EFBC}") = "IT.Service.Management.Data", "src\IT.Service.Management.Data\IT.Service.Management.Data.csproj", "{BA57BCBD-6F61-4507-B194-20536F9368DD}"
EndProject
Project("{2150E333-8FDC-42A3-9474-1A3956D46DE8}") = "Server", "Server", "{EDD4F8AB-C088-482F-9F8B-9D7A763D3E5F}"
EndProject
Project("{2150E333-8FDC-42A3-9474-1A3956D46DE8}") = "Client", "Client", "{0371285F-C1D8-4E8A-B5CD-C907AC8274C0}"
EndProject
Global
	GlobalSection(SolutionConfigurationPlatforms) = preSolution
		Debug|Any CPU = Debug|Any CPU
		Release|Any CPU = Release|Any CPU
	EndGlobalSection
	GlobalSection(ProjectConfigurationPlatforms) = postSolution
		{335DA6EA-E063-4F7F-A3D7-B6DC3D27D2CD}.Debug|Any CPU.ActiveCfg = Debug|Any CPU
		{335DA6EA-E063-4F7F-A3D7-B6DC3D27D2CD}.Debug|Any CPU.Build.0 = Debug|Any CPU
		{335DA6EA-E063-4F7F-A3D7-B6DC3D27D2CD}.Release|Any CPU.ActiveCfg = Release|Any CPU
		{335DA6EA-E063-4F7F-A3D7-B6DC3D27D2CD}.Release|Any CPU.Build.0 = Release|Any CPU
		{6FEAAA9A-979B-4C9B-82D4-A1D9FDC51C23}.Debug|Any CPU.ActiveCfg = Debug|Any CPU
		{6FEAAA9A-979B-4C9B-82D4-A1D9FDC51C23}.Debug|Any CPU.Build.0 = Debug|Any CPU
		{6FEAAA9A-979B-4C9B-82D4-A1D9FDC51C23}.Release|Any CPU.ActiveCfg = Release|Any CPU
		{6FEAAA9A-979B-4C9B-82D4-A1D9FDC51C23}.Release|Any CPU.Build.0 = Release|Any CPU
		{871E2B4E-F985-46D2-AFA6-36AB8089D374}.Debug|Any CPU.ActiveCfg = Debug|Any CPU
		{871E2B4E-F985-46D2-AFA6-36AB8089D374}.Debug|Any CPU.Build.0 = Debug|Any CPU
		{871E2B4E-F985-46D2-AFA6-36AB8089D374}.Release|Any CPU.ActiveCfg = Release|Any CPU
		{871E2B4E-F985-46D2-AFA6-36AB8089D374}.Release|Any CPU.Build.0 = Release|Any CPU
		{BA57BCBD-6F61-4507-B194-20536F9368DD}.Debug|Any CPU.ActiveCfg = Debug|Any CPU
		{BA57BCBD-6F61-4507-B194-20536F9368DD}.Debug|Any CPU.Build.0 = Debug|Any CPU
		{BA57BCBD-6F61-4507-B194-20536F9368DD}.Release|Any CPU.ActiveCfg = Release|Any CPU
		{BA57BCBD-6F61-4507-B194-20536F9368DD}.Release|Any CPU.Build.0 = Release|Any CPU
	EndGlobalSection
	GlobalSection(SolutionProperties) = preSolution
		HideSolutionNode = FALSE
	EndGlobalSection
	GlobalSection(NestedProjects) = preSolution
		{335DA6EA-E063-4F7F-A3D7-B6DC3D27D2CD} = {EDD4F8AB-C088-482F-9F8B-9D7A763D3E5F}
		{6FEAAA9A-979B-4C9B-82D4-A1D9FDC51C23} = {0371285F-C1D8-4E8A-B5CD-C907AC8274C0}
		{BA57BCBD-6F61-4507-B194-20536F9368DD} = {EDD4F8AB-C088-482F-9F8B-9D7A763D3E5F}
	EndGlobalSection
	GlobalSection(ExtensibilityGlobals) = postSolution
		SolutionGuid = {461E7191-6034-49E4-AA69-90D56B25C27B}
	EndGlobalSection
EndGlobal
